
Microsoft Visual Studio Solution File, Format Version 12.00
# Visual Studio Version 16
VisualStudioVersion = 16.0.31424.327
MinimumVisualStudioVersion = 10.0.40219.1
Project("{FAE04EC0-301F-11D3-BF4B-00C04F79EFBC}") = "MaestroDetalle", "MaestroDetalle\MaestroDetalle.csproj", "{B8E65E2B-A4A3-4812-AE66-728696AE02E2}"
EndProject
Project("{FAE04EC0-301F-11D3-BF4B-00C04F79EFBC}") = "CapaEntidad", "CapaEntidad\CapaEntidad.csproj", "{D2753D7E-D745-4E45-B1F7-91781106C089}"
EndProject
Project("{FAE04EC0-301F-11D3-BF4B-00C04F79EFBC}") = "CapaDatos", "CapaDatos\CapaDatos.csproj", "{D6991CF7-72FA-4878-B34B-482B9264551B}"
EndProject
Project("{FAE04EC0-301F-11D3-BF4B-00C04F79EFBC}") = "CapaNegocio", "CapaNegocio\CapaNegocio.csproj", "{67CD181C-23F8-430C-98AC-32B9552542E7}"
EndProject
Global
	GlobalSection(SolutionConfigurationPlatforms) = preSolution
		Debug|Any CPU = Debug|Any CPU
		Release|Any CPU = Release|Any CPU
	EndGlobalSection
	GlobalSection(ProjectConfigurationPlatforms) = postSolution
		{B8E65E2B-A4A3-4812-AE66-728696AE02E2}.Debug|Any CPU.ActiveCfg = Debug|Any CPU
		{B8E65E2B-A4A3-4812-AE66-728696AE02E2}.Debug|Any CPU.Build.0 = Debug|Any CPU
		{B8E65E2B-A4A3-4812-AE66-728696AE02E2}.Release|Any CPU.ActiveCfg = Release|Any CPU
		{B8E65E2B-A4A3-4812-AE66-728696AE02E2}.Release|Any CPU.Build.0 = Release|Any CPU
		{D2753D7E-D745-4E45-B1F7-91781106C089}.Debug|Any CPU.ActiveCfg = Debug|Any CPU
		{D2753D7E-D745-4E45-B1F7-91781106C089}.Debug|Any CPU.Build.0 = Debug|Any CPU
		{D2753D7E-D745-4E45-B1F7-91781106C089}.Release|Any CPU.ActiveCfg = Release|Any CPU
		{D2753D7E-D745-4E45-B1F7-91781106C089}.Release|Any CPU.Build.0 = Release|Any CPU
		{D6991CF7-72FA-4878-B34B-482B9264551B}.Debug|Any CPU.ActiveCfg = Debug|Any CPU
		{D6991CF7-72FA-4878-B34B-482B9264551B}.Debug|Any CPU.Build.0 = Debug|Any CPU
		{D6991CF7-72FA-4878-B34B-482B9264551B}.Release|Any CPU.ActiveCfg = Release|Any CPU
		{D6991CF7-72FA-4878-B34B-482B9264551B}.Release|Any CPU.Build.0 = Release|Any CPU
		{67CD181C-23F8-430C-98AC-32B9552542E7}.Debug|Any CPU.ActiveCfg = Debug|Any CPU
		{67CD181C-23F8-430C-98AC-32B9552542E7}.Debug|Any CPU.Build.0 = Debug|Any CPU
		{67CD181C-23F8-430C-98AC-32B9552542E7}.Release|Any CPU.ActiveCfg = Release|Any CPU
		{67CD181C-23F8-430C-98AC-32B9552542E7}.Release|Any CPU.Build.0 = Release|Any CPU
	EndGlobalSection
	GlobalSection(SolutionProperties) = preSolution
		HideSolutionNode = FALSE
	EndGlobalSection
	GlobalSection(ExtensibilityGlobals) = postSolution
		SolutionGuid = {9DB86129-2F76-4E89-8ADF-A84B66ECD2F9}
	EndGlobalSection
EndGlobal
